
Microsoft Visual Studio Solution File, Format Version 12.00
# Visual Studio Version 17
VisualStudioVersion = 17.14.36623.8 d17.14
MinimumVisualStudioVersion = 10.0.40219.1
Project("{FAE04EC0-301F-11D3-BF4B-00C04F79EFBC}") = "CineSoul", "CineSoul\CineSoul.csproj", "{B953D22E-8E23-4EE6-B6A4-C155F095C8AC}"
EndProject
Global
	GlobalSection(SolutionConfigurationPlatforms) = preSolution
		Debug|Any CPU = Debug|Any CPU
		Release|Any CPU = Release|Any CPU
	EndGlobalSection
	GlobalSection(ProjectConfigurationPlatforms) = postSolution
		{B953D22E-8E23-4EE6-B6A4-C155F095C8AC}.Debug|Any CPU.ActiveCfg = Debug|Any CPU
		{B953D22E-8E23-4EE6-B6A4-C155F095C8AC}.Debug|Any CPU.Build.0 = Debug|Any CPU
		{B953D22E-8E23-4EE6-B6A4-C155F095C8AC}.Release|Any CPU.ActiveCfg = Release|Any CPU
		{B953D22E-8E23-4EE6-B6A4-C155F095C8AC}.Release|Any CPU.Build.0 = Release|Any CPU
	EndGlobalSection
	GlobalSection(SolutionProperties) = preSolution
		HideSolutionNode = FALSE
	EndGlobalSection
	GlobalSection(ExtensibilityGlobals) = postSolution
		SolutionGuid = {CE5AC189-416A-465E-AF56-EF60ED26A76C}
	EndGlobalSection
EndGlobal
